Microsoft Visual Studio Solution File, Format Version 12.00
# Visual Studio Version 17
VisualStudioVersion = 17.3.32804.467
MinimumVisualStudioVersion = 10.0.40219.1
Project("{FAE04EC0-301F-11D3-BF4B-00C04F79EFBC}") = "ConsoleDemo", "ConsoleDemo\ConsoleDemo.csproj", "{4CF157BA-0A52-43E7-A595-77F584830F28}"
EndProject
Project("{FAE04EC0-301F-11D3-BF4B-00C04F79EFBC}") = "RabbitDemo", "RabbitDemo\RabbitDemo.csproj", "{6E0B7E9C-3AA5-4B65-9EA3-2B69B065AB0C}"
EndProject
Project("{FAE04EC0-301F-11D3-BF4B-00C04F79EFBC}") = "MqttDemo", "MqttDemo\MqttDemo.csproj", "{EC2DCF80-C999-437D-B813-83414CF9BE6D}"
EndProject
Project("{FAE04EC0-301F-11D3-BF4B-00C04F79EFBC}") = "CosturaDemo", "CosturaDemo\CosturaDemo.csproj", "{08CB8B7F-13AC-4E87-BF3F-2F9798AACE9E}"
EndProject
Project("{FAE04EC0-301F-11D3-BF4B-00C04F79EFBC}") = "ObfuscarDemo", "ObfuscarDemo\ObfuscarDemo.csproj", "{BF0E6A6C-6EE9-410A-9B39-8E5910D51015}"
EndProject
Project("{FAE04EC0-301F-11D3-BF4B-00C04F79EFBC}") = "SettingsDemo", "SettingsDemo\SettingsDemo.csproj", "{D945766C-D3A5-43E8-B1D4-C3F99811F036}"
EndProject
Global
	GlobalSection(SolutionConfigurationPlatforms) = preSolution
		Debug|Any CPU = Debug|Any CPU
		Release|Any CPU = Release|Any CPU
	EndGlobalSection
	GlobalSection(ProjectConfigurationPlatforms) = postSolution
		{4CF157BA-0A52-43E7-A595-77F584830F28}.Debug|Any CPU.ActiveCfg = Debug|Any CPU
		{4CF157BA-0A52-43E7-A595-77F584830F28}.Debug|Any CPU.Build.0 = Debug|Any CPU
		{4CF157BA-0A52-43E7-A595-77F584830F28}.Release|Any CPU.ActiveCfg = Release|Any CPU
		{4CF157BA-0A52-43E7-A595-77F584830F28}.Release|Any CPU.Build.0 = Release|Any CPU
		{6E0B7E9C-3AA5-4B65-9EA3-2B69B065AB0C}.Debug|Any CPU.ActiveCfg = Debug|Any CPU
		{6E0B7E9C-3AA5-4B65-9EA3-2B69B065AB0C}.Debug|Any CPU.Build.0 = Debug|Any CPU
		{6E0B7E9C-3AA5-4B65-9EA3-2B69B065AB0C}.Release|Any CPU.ActiveCfg = Release|Any CPU
		{6E0B7E9C-3AA5-4B65-9EA3-2B69B065AB0C}.Release|Any CPU.Build.0 = Release|Any CPU
		{EC2DCF80-C999-437D-B813-83414CF9BE6D}.Debug|Any CPU.ActiveCfg = Debug|Any CPU
		{EC2DCF80-C999-437D-B813-83414CF9BE6D}.Debug|Any CPU.Build.0 = Debug|Any CPU
		{EC2DCF80-C999-437D-B813-83414CF9BE6D}.Release|Any CPU.ActiveCfg = Release|Any CPU
		{EC2DCF80-C999-437D-B813-83414CF9BE6D}.Release|Any CPU.Build.0 = Release|Any CPU
		{08CB8B7F-13AC-4E87-BF3F-2F9798AACE9E}.Debug|Any CPU.ActiveCfg = Debug|Any CPU
		{08CB8B7F-13AC-4E87-BF3F-2F9798AACE9E}.Debug|Any CPU.Build.0 = Debug|Any CPU
		{08CB8B7F-13AC-4E87-BF3F-2F9798AACE9E}.Release|Any CPU.ActiveCfg = Release|Any CPU
		{08CB8B7F-13AC-4E87-BF3F-2F9798AACE9E}.Release|Any CPU.Build.0 = Release|Any CPU
		{BF0E6A6C-6EE9-410A-9B39-8E5910D51015}.Debug|Any CPU.ActiveCfg = Debug|Any CPU
		{BF0E6A6C-6EE9-410A-9B39-8E5910D51015}.Debug|Any CPU.Build.0 = Debug|Any CPU
		{BF0E6A6C-6EE9-410A-9B39-8E5910D51015}.Release|Any CPU.ActiveCfg = Release|Any CPU
		{BF0E6A6C-6EE9-410A-9B39-8E5910D51015}.Release|Any CPU.Build.0 = Release|Any CPU
		{D945766C-D3A5-43E8-B1D4-C3F99811F036}.Debug|Any CPU.ActiveCfg = Debug|Any CPU
		{D945766C-D3A5-43E8-B1D4-C3F99811F036}.Debug|Any CPU.Build.0 = Debug|Any CPU
		{D945766C-D3A5-43E8-B1D4-C3F99811F036}.Release|Any CPU.ActiveCfg = Release|Any CPU
		{D945766C-D3A5-43E8-B1D4-C3F99811F036}.Release|Any CPU.Build.0 = Release|Any CPU
	EndGlobalSection
	GlobalSection(SolutionProperties) = preSolution
		HideSolutionNode = FALSE
	EndGlobalSection
	GlobalSection(ExtensibilityGlobals) = postSolution
		SolutionGuid = {5B61489E-0D8A-41E8-BC3C-083A24E7260D}
	EndGlobalSection
EndGlobal
